
Microsoft Visual Studio Solution File, Format Version 12.00
# Visual Studio Version 17
VisualStudioVersion = 17.8.34309.116
MinimumVisualStudioVersion = 10.0.40219.1
Project("{FAE04EC0-301F-11D3-BF4B-00C04F79EFBC}") = "BankWebApp", "BankWebApp\BankWebApp.csproj", "{B240FD91-5094-4D5B-A581-253D6D61FD7B}"
EndProject
Global
	GlobalSection(SolutionConfigurationPlatforms) = preSolution
		Debug|Any CPU = Debug|Any CPU
		Release|Any CPU = Release|Any CPU
	EndGlobalSection
	GlobalSection(ProjectConfigurationPlatforms) = postSolution
		{B240FD91-5094-4D5B-A581-253D6D61FD7B}.Debug|Any CPU.ActiveCfg = Debug|Any CPU
		{B240FD91-5094-4D5B-A581-253D6D61FD7B}.Debug|Any CPU.Build.0 = Debug|Any CPU
		{B240FD91-5094-4D5B-A581-253D6D61FD7B}.Release|Any CPU.ActiveCfg = Release|Any CPU
		{B240FD91-5094-4D5B-A581-253D6D61FD7B}.Release|Any CPU.Build.0 = Release|Any CPU
	EndGlobalSection
	GlobalSection(SolutionProperties) = preSolution
		HideSolutionNode = FALSE
	EndGlobalSection
	GlobalSection(ExtensibilityGlobals) = postSolution
		SolutionGuid = {882D717C-E2F7-4C37-A933-C15F0B1A5E3C}
	EndGlobalSection
EndGlobal
